lockfileVersion: 5.3

specifiers:
  '@rollup/plugin-node-resolve': ^13.3.0
  rollup: ^2.74.1
  rollup-plugin-typescript2: ^0.31.2
  typescript: ^4.6.4

dependencies:
  '@rollup/plugin-node-resolve': 13.3.0_rollup@2.74.1
  rollup: 2.74.1
  rollup-plugin-typescript2: 0.31.2_rollup@2.74.1+typescript@4.6.4
  typescript: 4.6.4

packages:

  /@rollup/plugin-node-resolve/13.3.0_rollup@2.74.1:
    resolution: {integrity: sha512-Lus8rbUo1eEcnS4yTFKLZrVumLPY+YayBdWXgFSHYhTT2iJbMhoaaBL3xl5NCdeRytErGr8tZ0L71BMRmnlwSw==}
    engines: {node: '>= 10.0.0'}
    peerDependencies:
      rollup: ^2.42.0
    dependencies:
      '@rollup/pluginutils': r2.cnpmjs.org/@rollup/pluginutils/3.1.0_rollup@2.74.1
      '@types/resolve': r2.cnpmjs.org/@types/resolve/1.17.1
      deepmerge: r2.cnpmjs.org/deepmerge/4.2.2
      is-builtin-module: r2.cnpmjs.org/is-builtin-module/3.1.0
      is-module: r2.cnpmjs.org/is-module/1.0.0
      resolve: 1.22.0
      rollup: 2.74.1
    dev: false

  /@rollup/pluginutils/4.2.1:
    resolution: {integrity: sha512-iKnFXr7NkdZAIHiIWE+BX5ULi/ucVFYWD6TbAV+rZctiRTY2PL6tsIKhoIOaoskiWAkgu+VsbXgUVDNLHf+InQ==}
    engines: {node: '>= 8.0.0'}
    dependencies:
      estree-walker: r2.cnpmjs.org/estree-walker/2.0.2
      picomatch: 2.3.1
    dev: false

  /@types/node/17.0.35:
    resolution: {integrity: sha512-vu1SrqBjbbZ3J6vwY17jBs8Sr/BKA+/a/WtjRG+whKg1iuLFOosq872EXS0eXWILdO36DHQQeku/ZcL6hz2fpg==}
    dev: false

  /@yarn-tool/resolve-package/1.0.47:
    resolution: {integrity: sha512-Zaw58gQxjQceJqhqybJi1oUDaORT8i2GTgwICPs8v/X/Pkx35FXQba69ldHVg5pQZ6YLKpROXgyHvBaCJOFXiA==}
    dependencies:
      pkg-dir: r2.cnpmjs.org/pkg-dir/5.0.0
      tslib: 2.4.0
      upath2: 3.1.13
    dev: false

  /builtin-modules/3.3.0:
    resolution: {integrity: sha512-zhaCDicdLuWN5UbN5IMnFqNMhNfo919sH85y2/ea+5Yg9TsTkeZxpL+JLbp6cgYFS4sRLp3YV4S6yDuqVWHYOw==}
    engines: {node: '>=6'}
    dev: false

  /fs-extra/10.1.0:
    resolution: {integrity: sha512-oRXApq54ETRj4eMiFzGnHWGy+zo5raudjuxN0b8H7s/RU2oW0Wvsx9O0ACRN/kRq9E8Vu/ReskGB5o3ji+FzHQ==}
    engines: {node: '>=12'}
    dependencies:
      graceful-fs: 4.2.10
      jsonfile: r2.cnpmjs.org/jsonfile/6.1.0
      universalify: r2.cnpmjs.org/universalify/2.0.0
    dev: false

  /graceful-fs/4.2.10:
    resolution: {integrity: sha512-9ByhssR2fPVsNZj478qUUbKfmL0+t5BDVyjShtyZZLiK7ZDAArFFfopyOTj0M05wE2tJPisA4iTnnXl2YoPvOA==}
    dev: false

  /is-core-module/2.9.0:
    resolution: {integrity: sha512-+5FPy5PnwmO3lvfMb0AsoPaBG+5KHUI0wYFXOtYPnVVVspTFUuMZNfNaNVRt3FZadstu2c8x23vykRW/NBoU6A==}
    dependencies:
      has: r2.cnpmjs.org/has/1.0.3
    dev: false

  /path-is-network-drive/1.0.15:
    resolution: {integrity: sha512-bJGs1SxUne+q29P1xCLMkNBhMetku+vPN+yVQu8FGL/7diHesCSSIKoF4Wq42tcbwm7rK72XrGfK8FUXN00LLQ==}
    dependencies:
      tslib: 2.4.0
    dev: false

  /path-strip-sep/1.0.12:
    resolution: {integrity: sha512-EJZSC5WBjVlA9XHLCiluiyisYg6yzeMJ4nY3BQVCuedyEHA/I2crcHWdwuQ74h3V599U9nEbEZUTvvSxOK3vbQ==}
    dependencies:
      tslib: 2.4.0
    dev: false

  /picomatch/2.3.1:
    resolution: {integrity: sha512-JU3teHTNjmE2VCGFzuY8EXzCDVwEqB2a8fsIvwaStHhAWJEeVd1o1QD80CU6+ZdEXXSLbSsuLwJjkCBWqRQUVA==}
    engines: {node: '>=8.6'}
    dev: false

  /resolve/1.22.0:
    resolution: {integrity: sha512-Hhtrw0nLeSrFQ7phPp4OOcVjLPIeMnRlr5mcnVuMe7M/7eBn98A3hmFRLoFo3DLZkivSYwhRUJTyPyWAk56WLw==}
    hasBin: true
    dependencies:
      is-core-module: 2.9.0
      path-parse: r2.cnpmjs.org/path-parse/1.0.7
      supports-preserve-symlinks-flag: 1.0.0
    dev: false

  /rollup-plugin-typescript2/0.31.2_rollup@2.74.1+typescript@4.6.4:
    resolution: {integrity: sha512-hRwEYR1C8xDGVVMFJQdEVnNAeWRvpaY97g5mp3IeLnzhNXzSVq78Ye/BJ9PAaUfN4DXa/uDnqerifMOaMFY54Q==}
    peerDependencies:
      rollup: '>=1.26.3'
      typescript: '>=2.4.0'
    dependencies:
      '@rollup/pluginutils': 4.2.1
      '@yarn-tool/resolve-package': 1.0.47
      find-cache-dir: r2.cnpmjs.org/find-cache-dir/3.3.2
      fs-extra: 10.1.0
      resolve: 1.22.0
      rollup: 2.74.1
      tslib: 2.4.0
      typescript: 4.6.4
    dev: false

  /rollup/2.74.1:
    resolution: {integrity: sha512-K2zW7kV8Voua5eGkbnBtWYfMIhYhT9Pel2uhBk2WO5eMee161nPze/XRfvEQPFYz7KgrCCnmh2Wy0AMFLGGmMA==}
    engines: {node: '>=10.0.0'}
    hasBin: true
    optionalDependencies:
      fsevents: r2.cnpmjs.org/fsevents/2.3.2
    dev: false

  /supports-preserve-symlinks-flag/1.0.0:
    resolution: {integrity: sha512-ot0WnXS9fgdkgIcePe6RHNk1WA8+muPa6cSjeR3V8K27q9BB1rTE3R1p7Hv0z1ZyAc8s6Vvv8DIyWf681MAt0w==}
    engines: {node: '>= 0.4'}
    dev: false

  /tslib/2.4.0:
    resolution: {integrity: sha512-d6xOpEDfsi2CZVlPQzGeux8XMwLT9hssAsaPYExaQMuYskwb+x1x7J371tWlbBdWHroy99KnVB6qIkUbs5X3UQ==}
    dev: false

  /typescript/4.6.4:
    resolution: {integrity: sha512-9ia/jWHIEbo49HfjrLGfKbZSuWo9iTMwXO+Ca3pRsSpbsMbc7/IU8NKdCZVRRBafVPGnoJeFL76ZOAA84I9fEg==}
    engines: {node: '>=4.2.0'}
    hasBin: true
    dev: false

  /upath2/3.1.13:
    resolution: {integrity: sha512-M88uBoqgzrkXvXrF/+oSIPsTmL21uRwGhPVJKODrl+3lXkQ5NPKrTYuSBZVa+lgPGFoI6qYyHlSKACFHO0AoNw==}
    dependencies:
      '@types/node': 17.0.35
      path-is-network-drive: 1.0.15
      path-strip-sep: 1.0.12
      tslib: 2.4.0
    dev: false

  r2.cnpmjs.org/@rollup/pluginutils/3.1.0_rollup@2.74.1:
    resolution: {integrity: sha512-GksZ6pr6TpIjHm8h9lSQ8pi8BE9VeubNT0OMJ3B5uZJ8pz73NPiqOtCog/x2/QzM1ENChPKxMDhiQuRHsqc+lg==, registry: https://r.cnpmjs.org/, tarball: https://r2.cnpmjs.org/@rollup/pluginutils/-/pluginutils-3.1.0.tgz}
    id: r2.cnpmjs.org/@rollup/pluginutils/3.1.0
    name: '@rollup/pluginutils'
    version: 3.1.0
    engines: {node: '>= 8.0.0'}
    peerDependencies:
      rollup: ^1.20.0||^2.0.0
    dependencies:
      '@types/estree': r2.cnpmjs.org/@types/estree/0.0.39
      estree-walker: r2.cnpmjs.org/estree-walker/1.0.1
      picomatch: 2.3.1
      rollup: 2.74.1
    dev: false

  r2.cnpmjs.org/@types/estree/0.0.39:
    resolution: {integrity: sha512-EYNwp3bU+98cpU4lAWYYL7Zz+2gryWH1qbdDTidVd6hkiR6weksdbMadyXKXNPEkQFhXM+hVO9ZygomHXp+AIw==, registry: https://r.cnpmjs.org/, tarball: https://r2.cnpmjs.org/@types/estree/-/estree-0.0.39.tgz}
    name: '@types/estree'
    version: 0.0.39
    dev: false

  r2.cnpmjs.org/@types/resolve/1.17.1:
    resolution: {integrity: sha512-yy7HuzQhj0dhGpD8RLXSZWEkLsV9ibvxvi6EiJ3bkqLAO1RGo0WbkWQiwpRlSFymTJRz0d3k5LM3kkx8ArDbLw==, registry: https://r.cnpmjs.org/, tarball: https://r2.cnpmjs.org/@types/resolve/-/resolve-1.17.1.tgz}
    name: '@types/resolve'
    version: 1.17.1
    dependencies:
      '@types/node': 17.0.35
    dev: false

  r2.cnpmjs.org/commondir/1.0.1:
    resolution: {integrity: sha512-W9pAhw0ja1Edb5GVdIF1mjZw/ASI0AlShXM83UUGe2DVr5TdAPEA1OA8m/g8zWp9x6On7gqufY+FatDbC3MDQg==, registry: https://r.cnpmjs.org/, tarball: https://r2.cnpmjs.org/commondir/-/commondir-1.0.1.tgz}
    name: commondir
    version: 1.0.1
    dev: false

  r2.cnpmjs.org/deepmerge/4.2.2:
    resolution: {integrity: sha512-FJ3UgI4gIl+PHZm53knsuSFpE+nESMr7M4v9QcgB7S63Kj/6WqMiFQJpBBYz1Pt+66bZpP3Q7Lye0Oo9MPKEdg==, registry: https://r.cnpmjs.org/, tarball: https://r2.cnpmjs.org/deepmerge/-/deepmerge-4.2.2.tgz}
    name: deepmerge
    version: 4.2.2
    engines: {node: '>=0.10.0'}
    dev: false

  r2.cnpmjs.org/estree-walker/1.0.1:
    resolution: {integrity: sha512-1fMXF3YP4pZZVozF8j/ZLfvnR8NSIljt56UhbZ5PeeDmmGHpgpdwQt7ITlGvYaQukCvuBRMLEiKiYC+oeIg4cg==, registry: https://r.cnpmjs.org/, tarball: https://r2.cnpmjs.org/estree-walker/-/estree-walker-1.0.1.tgz}
    name: estree-walker
    version: 1.0.1
    dev: false

  r2.cnpmjs.org/estree-walker/2.0.2:
    resolution: {integrity: sha512-Rfkk/Mp/DL7JVje3u18FxFujQlTNR2q6QfMSMB7AvCBx91NGj/ba3kCfza0f6dVDbw7YlRf/nDrn7pQrCCyQ/w==, registry: https://r.cnpmjs.org/, tarball: https://r2.cnpmjs.org/estree-walker/-/estree-walker-2.0.2.tgz}
    name: estree-walker
    version: 2.0.2
    dev: false

  r2.cnpmjs.org/find-cache-dir/3.3.2:
    resolution: {integrity: sha512-wXZV5emFEjrridIgED11OoUKLxiYjAcqot/NJdAkOhlJ+vGzwhOAfcG5OX1jP+S0PcjEn8bdMJv+g2jwQ3Onig==, registry: https://r.cnpmjs.org/, tarball: https://r2.cnpmjs.org/find-cache-dir/-/find-cache-dir-3.3.2.tgz}
    name: find-cache-dir
    version: 3.3.2
    engines: {node: '>=8'}
    dependencies:
      commondir: r2.cnpmjs.org/commondir/1.0.1
      make-dir: r2.cnpmjs.org/make-dir/3.1.0
      pkg-dir: r2.cnpmjs.org/pkg-dir/4.2.0
    dev: false

  r2.cnpmjs.org/find-up/4.1.0:
    resolution: {integrity: sha512-PpOwAdQ/YlXQ2vj8a3h8IipDuYRi3wceVQQGYWxNINccq40Anw7BlsEXCMbt1Zt+OLA6Fq9suIpIWD0OsnISlw==, registry: https://r.cnpmjs.org/, tarball: https://r2.cnpmjs.org/find-up/-/find-up-4.1.0.tgz}
    name: find-up
    version: 4.1.0
    engines: {node: '>=8'}
    dependencies:
      locate-path: r2.cnpmjs.org/locate-path/5.0.0
      path-exists: r2.cnpmjs.org/path-exists/4.0.0
    dev: false

  r2.cnpmjs.org/find-up/5.0.0:
    resolution: {integrity: sha512-78/PXT1wlLLDgTzDs7sjq9hzz0vXD+zn+7wypEe4fXQxCmdmqfGsEPQxmiCSQI3ajFV91bVSsvNtrJRiW6nGng==, registry: https://r.cnpmjs.org/, tarball: https://r2.cnpmjs.org/find-up/-/find-up-5.0.0.tgz}
    name: find-up
    version: 5.0.0
    engines: {node: '>=10'}
    dependencies:
      locate-path: r2.cnpmjs.org/locate-path/6.0.0
      path-exists: r2.cnpmjs.org/path-exists/4.0.0
    dev: false

  r2.cnpmjs.org/fsevents/2.3.2:
    resolution: {integrity: sha512-xiqMQR4xAeHTuB9uWm+fFRcIOgKBMiOBP+eXiyT7jsgVCq1bkVygt00oASowB7EdtpOHaaPgKt812P9ab+DDKA==, registry: https://r.cnpmjs.org/, tarball: https://r2.cnpmjs.org/fsevents/-/fsevents-2.3.2.tgz}
    name: fsevents
    version: 2.3.2
    engines: {node: ^8.16.0 || ^10.6.0 || >=11.0.0}
    os: [darwin]
    requiresBuild: true
    dev: false
    optional: true

  r2.cnpmjs.org/function-bind/1.1.1:
    resolution: {integrity: sha512-yIovAzMX49sF8Yl58fSCWJ5svSLuaibPxXQJFLmBObTuCr0Mf1KiPopGM9NiFjiYBCbfaa2Fh6breQ6ANVTI0A==, registry: https://r.cnpmjs.org/, tarball: https://r2.cnpmjs.org/function-bind/-/function-bind-1.1.1.tgz}
    name: function-bind
    version: 1.1.1
    dev: false

  r2.cnpmjs.org/has/1.0.3:
    resolution: {integrity: sha512-f2dvO0VU6Oej7RkWJGrehjbzMAjFp5/VKPp5tTpWIV4JHHZK1/BxbFRtf/siA2SWTe09caDmVtYYzWEIbBS4zw==, registry: https://r.cnpmjs.org/, tarball: https://r2.cnpmjs.org/has/-/has-1.0.3.tgz}
    name: has
    version: 1.0.3
    engines: {node: '>= 0.4.0'}
    dependencies:
      function-bind: r2.cnpmjs.org/function-bind/1.1.1
    dev: false

  r2.cnpmjs.org/is-builtin-module/3.1.0:
    resolution: {integrity: sha512-OV7JjAgOTfAFJmHZLvpSTb4qi0nIILDV1gWPYDnDJUTNFM5aGlRAhk4QcT8i7TuAleeEV5Fdkqn3t4mS+Q11fg==, registry: https://r.cnpmjs.org/, tarball: https://r2.cnpmjs.org/is-builtin-module/-/is-builtin-module-3.1.0.tgz}
    name: is-builtin-module
    version: 3.1.0
    engines: {node: '>=6'}
    dependencies:
      builtin-modules: 3.3.0
    dev: false

  r2.cnpmjs.org/is-module/1.0.0:
    resolution: {integrity: sha512-51ypPSPCoTEIN9dy5Oy+h4pShgJmPCygKfyRCISBI+JoWT/2oJvK8QPxmwv7b/p239jXrm9M1mlQbyKJ5A152g==, registry: https://r.cnpmjs.org/, tarball: https://r2.cnpmjs.org/is-module/-/is-module-1.0.0.tgz}
    name: is-module
    version: 1.0.0
    dev: false

  r2.cnpmjs.org/jsonfile/6.1.0:
    resolution: {integrity: sha512-5dgndWOriYSm5cnYaJNhalLNDKOqFwyDB/rr1E9ZsGciGvKPs8R2xYGCacuf3z6K1YKDz182fd+fY3cn3pMqXQ==, registry: https://r.cnpmjs.org/, tarball: https://r2.cnpmjs.org/jsonfile/-/jsonfile-6.1.0.tgz}
    name: jsonfile
    version: 6.1.0
    dependencies:
      universalify: r2.cnpmjs.org/universalify/2.0.0
    optionalDependencies:
      graceful-fs: 4.2.10
    dev: false

  r2.cnpmjs.org/locate-path/5.0.0:
    resolution: {integrity: sha512-t7hw9pI+WvuwNJXwk5zVHpyhIqzg2qTlklJOf0mVxGSbe3Fp2VieZcduNYjaLDoy6p9uGpQEGWG87WpMKlNq8g==, registry: https://r.cnpmjs.org/, tarball: https://r2.cnpmjs.org/locate-path/-/locate-path-5.0.0.tgz}
    name: locate-path
    version: 5.0.0
    engines: {node: '>=8'}
    dependencies:
      p-locate: r2.cnpmjs.org/p-locate/4.1.0
    dev: false

  r2.cnpmjs.org/locate-path/6.0.0:
    resolution: {integrity: sha512-iPZK6eYjbxRu3uB4/WZ3EsEIMJFMqAoopl3R+zuq0UjcAm/MO6KCweDgPfP3elTztoKP3KtnVHxTn2NHBSDVUw==, registry: https://r.cnpmjs.org/, tarball: https://r2.cnpmjs.org/locate-path/-/locate-path-6.0.0.tgz}
    name: locate-path
    version: 6.0.0
    engines: {node: '>=10'}
    dependencies:
      p-locate: r2.cnpmjs.org/p-locate/5.0.0
    dev: false

  r2.cnpmjs.org/make-dir/3.1.0:
    resolution: {integrity: sha512-g3FeP20LNwhALb/6Cz6Dd4F2ngze0jz7tbzrD2wAV+o9FeNHe4rL+yK2md0J/fiSf1sa1ADhXqi5+oVwOM/eGw==, registry: https://r.cnpmjs.org/, tarball: https://r2.cnpmjs.org/make-dir/-/make-dir-3.1.0.tgz}
    name: make-dir
    version: 3.1.0
    engines: {node: '>=8'}
    dependencies:
      semver: r2.cnpmjs.org/semver/6.3.0
    dev: false

  r2.cnpmjs.org/p-limit/2.3.0:
    resolution: {integrity: sha512-//88mFWSJx8lxCzwdAABTJL2MyWB12+eIY7MDL2SqLmAkeKU9qxRvWuSyTjm3FUmpBEMuFfckAIqEaVGUDxb6w==, registry: https://r.cnpmjs.org/, tarball: https://r2.cnpmjs.org/p-limit/-/p-limit-2.3.0.tgz}
    name: p-limit
    version: 2.3.0
    engines: {node: '>=6'}
    dependencies:
      p-try: r2.cnpmjs.org/p-try/2.2.0
    dev: false

  r2.cnpmjs.org/p-limit/3.1.0:
    resolution: {integrity: sha512-TYOanM3wGwNGsZN2cVTYPArw454xnXj5qmWF1bEoAc4+cU/ol7GVh7odevjp1FNHduHc3KZMcFduxU5Xc6uJRQ==, registry: https://r.cnpmjs.org/, tarball: https://r2.cnpmjs.org/p-limit/-/p-limit-3.1.0.tgz}
    name: p-limit
    version: 3.1.0
    engines: {node: '>=10'}
    dependencies:
      yocto-queue: r2.cnpmjs.org/yocto-queue/0.1.0
    dev: false

  r2.cnpmjs.org/p-locate/4.1.0:
    resolution: {integrity: sha512-R79ZZ/0wAxKGu3oYMlz8jy/kbhsNrS7SKZ7PxEHBgJ5+F2mtFW2fK2cOtBh1cHYkQsbzFV7I+EoRKe6Yt0oK7A==, registry: https://r.cnpmjs.org/, tarball: https://r2.cnpmjs.org/p-locate/-/p-locate-4.1.0.tgz}
    name: p-locate
    version: 4.1.0
    engines: {node: '>=8'}
    dependencies:
      p-limit: r2.cnpmjs.org/p-limit/2.3.0
    dev: false

  r2.cnpmjs.org/p-locate/5.0.0:
    resolution: {integrity: sha512-LaNjtRWUBY++zB5nE/NwcaoMylSPk+S+ZHNB1TzdbMJMny6dynpAGt7X/tl/QYq3TIeE6nxHppbo2LGymrG5Pw==, registry: https://r.cnpmjs.org/, tarball: https://r2.cnpmjs.org/p-locate/-/p-locate-5.0.0.tgz}
    name: p-locate
    version: 5.0.0
    engines: {node: '>=10'}
    dependencies:
      p-limit: r2.cnpmjs.org/p-limit/3.1.0
    dev: false

  r2.cnpmjs.org/p-try/2.2.0:
    resolution: {integrity: sha512-R4nPAVTAU0B9D35/Gk3uJf/7XYbQcyohSKdvAxIRSNghFl4e71hVoGnBNQz9cWaXxO2I10KTC+3jMdvvoKw6dQ==, registry: https://r.cnpmjs.org/, tarball: https://r2.cnpmjs.org/p-try/-/p-try-2.2.0.tgz}
    name: p-try
    version: 2.2.0
    engines: {node: '>=6'}
    dev: false

  r2.cnpmjs.org/path-exists/4.0.0:
    resolution: {integrity: sha512-ak9Qy5Q7jYb2Wwcey5Fpvg2KoAc/ZIhLSLOSBmRmygPsGwkVVt0fZa0qrtMz+m6tJTAHfZQ8FnmB4MG4LWy7/w==, registry: https://r.cnpmjs.org/, tarball: https://r2.cnpmjs.org/path-exists/-/path-exists-4.0.0.tgz}
    name: path-exists
    version: 4.0.0
    engines: {node: '>=8'}
    dev: false

  r2.cnpmjs.org/path-parse/1.0.7:
    resolution: {integrity: sha512-LDJzPVEEEPR+y48z93A0Ed0yXb8pAByGWo/k5YYdYgpY2/2EsOsksJrq7lOHxryrVOn1ejG6oAp8ahvOIQD8sw==, registry: https://r.cnpmjs.org/, tarball: https://r2.cnpmjs.org/path-parse/-/path-parse-1.0.7.tgz}
    name: path-parse
    version: 1.0.7
    dev: false

  r2.cnpmjs.org/pkg-dir/4.2.0:
    resolution: {integrity: sha512-HRDzbaKjC+AOWVXxAU/x54COGeIv9eb+6CkDSQoNTt4XyWoIJvuPsXizxu/Fr23EiekbtZwmh1IcIG/l/a10GQ==, registry: https://r.cnpmjs.org/, tarball: https://r2.cnpmjs.org/pkg-dir/-/pkg-dir-4.2.0.tgz}
    name: pkg-dir
    version: 4.2.0
    engines: {node: '>=8'}
    dependencies:
      find-up: r2.cnpmjs.org/find-up/4.1.0
    dev: false

  r2.cnpmjs.org/pkg-dir/5.0.0:
    resolution: {integrity: sha512-NPE8TDbzl/3YQYY7CSS228s3g2ollTFnc+Qi3tqmqJp9Vg2ovUpixcJEo2HJScN2Ez+kEaal6y70c0ehqJBJeA==, registry: https://r.cnpmjs.org/, tarball: https://r2.cnpmjs.org/pkg-dir/-/pkg-dir-5.0.0.tgz}
    name: pkg-dir
    version: 5.0.0
    engines: {node: '>=10'}
    dependencies:
      find-up: r2.cnpmjs.org/find-up/5.0.0
    dev: false

  r2.cnpmjs.org/semver/6.3.0:
    resolution: {integrity: sha512-b39TBaTSfV6yBrapU89p5fKekE2m/NwnDocOVruQFS1/veMgdzuPcnOM34M6CwxW8jH/lxEa5rBoDeUwu5HHTw==, registry: https://r.cnpmjs.org/, tarball: https://r2.cnpmjs.org/semver/-/semver-6.3.0.tgz}
    name: semver
    version: 6.3.0
    hasBin: true
    dev: false

  r2.cnpmjs.org/universalify/2.0.0:
    resolution: {integrity: sha512-hAZsKq7Yy11Zu1DE0OzWjw7nnLZmJZYTDZZyEFHZdUhV8FkH5MCfoU1XMaxXovpyW5nq5scPqq0ZDP9Zyl04oQ==, registry: https://r.cnpmjs.org/, tarball: https://r2.cnpmjs.org/universalify/-/universalify-2.0.0.tgz}
    name: universalify
    version: 2.0.0
    engines: {node: '>= 10.0.0'}
    dev: false

  r2.cnpmjs.org/yocto-queue/0.1.0:
    resolution: {integrity: sha512-rVksvsnNCdJ/ohGc6xgPwyN8eheCxsiLM8mxuE/t/mOVqJewPuO1miLpTHQiRgTKCLexL4MeAFVagts7HmNZ2Q==, registry: https://r.cnpmjs.org/, tarball: https://r2.cnpmjs.org/yocto-queue/-/yocto-queue-0.1.0.tgz}
    name: yocto-queue
    version: 0.1.0
    engines: {node: '>=10'}
    dev: false
